// !$*UTF8*$!
{
	archiveVersion = 1;
	classes = {
	};
	objectVersion = 48;
	objects = {

/* Begin PBXBuildFile section */
		0D317F6E209EBBF60004E560 /* AppDelegate.swift in Sources */ = {isa = PBXBuildFile; fileRef = 0D317F6D209EBBF50004E560 /* AppDelegate.swift */; };
		0D317F70209EBBF60004E560 /* GameScene.sks in Resources */ = {isa = PBXBuildFile; fileRef = 0D317F6F209EBBF60004E560 /* GameScene.sks */; };
		0D317F72209EBBF60004E560 /* Actions.sks in Resources */ = {isa = PBXBuildFile; fileRef = 0D317F71209EBBF60004E560 /* Actions.sks */; };
		0D317F74209EBBF60004E560 /* GameScene.swift in Sources */ = {isa = PBXBuildFile; fileRef = 0D317F73209EBBF60004E560 /* GameScene.swift */; };
		0D317F76209EBBF60004E560 /* GameViewController.swift in Sources */ = {isa = PBXBuildFile; fileRef = 0D317F75209EBBF60004E560 /* GameViewController.swift */; };
		0D317F79209EBBF60004E560 /* Main.storyboard in Resources */ = {isa = PBXBuildFile; fileRef = 0D317F77209EBBF60004E560 /* Main.storyboard */; };
		0D317F7B209EBBF60004E560 /* Assets.xcassets in Resources */ = {isa = PBXBuildFile; fileRef = 0D317F7A209EBBF60004E560 /* Assets.xcassets */; };
		0D317F7E209EBBF60004E560 /* LaunchScreen.storyboard in Resources */ = {isa = PBXBuildFile; fileRef = 0D317F7C209EBBF60004E560 /* LaunchScreen.storyboard */; };
		0D317F86209EBC580004E560 /* LoginScene.swift in Sources */ = {isa = PBXBuildFile; fileRef = 0D317F85209EBC580004E560 /* LoginScene.swift */; };
		0D63CC6D20A0644A00A4DE2A /* UserDefaultsHandler.swift in Sources */ = {isa = PBXBuildFile; fileRef = 0D63CC6C20A0644A00A4DE2A /* UserDefaultsHandler.swift */; };
		0D6552A2209EC663008146B5 /* LoginViewController.swift in Sources */ = {isa = PBXBuildFile; fileRef = 0D6552A1209EC663008146B5 /* LoginViewController.swift */; };
		0D6552A5209ECE4F008146B5 /* authScreenBackgroundImage.jpg in Resources */ = {isa = PBXBuildFile; fileRef = 0D6552A4209ECE4F008146B5 /* authScreenBackgroundImage.jpg */; };
		0D6A825920A7267B002F2BBB /* Category.swift in Sources */ = {isa = PBXBuildFile; fileRef = 0D6A825820A7267B002F2BBB /* Category.swift */; };
		0D6A829420A7388E002F2BBB /* Category.json in Resources */ = {isa = PBXBuildFile; fileRef = 0D6A829320A7388E002F2BBB /* Category.json */; };
		0D6D8A8D20A6F09800E55218 /* Signup.xib in Resources */ = {isa = PBXBuildFile; fileRef = 0D6D8A8C20A6F09800E55218 /* Signup.xib */; };
		0D6DD07B20A2782E00E8ACDD /* Signup.swift in Sources */ = {isa = PBXBuildFile; fileRef = 0D6DD07A20A2782E00E8ACDD /* Signup.swift */; };
		0D7E766E209F3B3A003E6958 /* SignupController.swift in Sources */ = {isa = PBXBuildFile; fileRef = 0D7E766D209F3B3A003E6958 /* SignupController.swift */; };
		0D7E7670209F3BF4003E6958 /* SignupScene.swift in Sources */ = {isa = PBXBuildFile; fileRef = 0D7E766F209F3BF4003E6958 /* SignupScene.swift */; };
		0D7E7674209F3D89003E6958 /* DashboardScene.swift in Sources */ = {isa = PBXBuildFile; fileRef = 0D7E7673209F3D89003E6958 /* DashboardScene.swift */; };
		0D7E7676209F3D9C003E6958 /* DashboardViewController.swift in Sources */ = {isa = PBXBuildFile; fileRef = 0D7E7675209F3D9C003E6958 /* DashboardViewController.swift */; };
		0D7E7679209F4A30003E6958 /* HamburgerMenu.xib in Resources */ = {isa = PBXBuildFile; fileRef = 0D7E7678209F4A30003E6958 /* HamburgerMenu.xib */; };
		0D7E767B209F4A59003E6958 /* HamburgerMenu.swift in Sources */ = {isa = PBXBuildFile; fileRef = 0D7E767A209F4A59003E6958 /* HamburgerMenu.swift */; };
		0DA0D0A420ABA3800014EC9E /* UIButtonExtension.swift in Sources */ = {isa = PBXBuildFile; fileRef = 0DA0D0A320ABA3800014EC9E /* UIButtonExtension.swift */; };
		0DA0D0A720ABAF980014EC9E /* MenuViewController.swift in Sources */ = {isa = PBXBuildFile; fileRef = 0DA0D0A620ABAF980014EC9E /* MenuViewController.swift */; };
		0DAF221720A7BE5D001A9F98 /* JSonHandler.swift in Sources */ = {isa = PBXBuildFile; fileRef = 0DAF221620A7BE5D001A9F98 /* JSonHandler.swift */; };
		0DAF221B20A802A5001A9F98 /* DashboardCustomTableViewCell.swift in Sources */ = {isa = PBXBuildFile; fileRef = 0DAF221A20A802A5001A9F98 /* DashboardCustomTableViewCell.swift */; };
		0DAF221D20A853F1001A9F98 /* Chambers.xib in Resources */ = {isa = PBXBuildFile; fileRef = 0DAF221C20A853F1001A9F98 /* Chambers.xib */; };
		0DAF222120A85F5E001A9F98 /* Chambers.swift in Sources */ = {isa = PBXBuildFile; fileRef = 0DAF222020A85F5E001A9F98 /* Chambers.swift */; };
		0DAF222320A868BA001A9F98 /* GameViewScene.swift in Sources */ = {isa = PBXBuildFile; fileRef = 0DAF222220A868BA001A9F98 /* GameViewScene.swift */; };
		0DAF222520A868E8001A9F98 /* Game.swift in Sources */ = {isa = PBXBuildFile; fileRef = 0DAF222420A868E8001A9F98 /* Game.swift */; };
		0DAF222720A868FE001A9F98 /* Game.xib in Resources */ = {isa = PBXBuildFile; fileRef = 0DAF222620A868FE001A9F98 /* Game.xib */; };
		0DAF222920A8765E001A9F98 /* CommonHelper.swift in Sources */ = {isa = PBXBuildFile; fileRef = 0DAF222820A8765E001A9F98 /* CommonHelper.swift */; };
		0DD4C05120ACFE1E00657830 /* MenuItemViewController.swift in Sources */ = {isa = PBXBuildFile; fileRef = 0DD4C05020ACFE1E00657830 /* MenuItemViewController.swift */; };
		0DF31993209FCB27000F43A0 /* WordTomb.xcdatamodeld in Sources */ = {isa = PBXBuildFile; fileRef = 0DF31991209FCB27000F43A0 /* WordTomb.xcdatamodeld */; };
		0DF319B620A0019C000F43A0 /* CoreDataHandler.swift in Sources */ = {isa = PBXBuildFile; fileRef = 0DF319B520A0019C000F43A0 /* CoreDataHandler.swift */; };
		461E542F20AD3AB1006659EF /* Level_Category+CoreDataClass.swift in Sources */ = {isa = PBXBuildFile; fileRef = 461E542120AD3AB1006659EF /* Level_Category+CoreDataClass.swift */; };
		461E543020AD3AB1006659EF /* Level_Category+CoreDataProperties.swift in Sources */ = {isa = PBXBuildFile; fileRef = 461E542220AD3AB1006659EF /* Level_Category+CoreDataProperties.swift */; };
		461E543120AD3AB1006659EF /* User_Category+CoreDataClass.swift in Sources */ = {isa = PBXBuildFile; fileRef = 461E542320AD3AB1006659EF /* User_Category+CoreDataClass.swift */; };
		461E543220AD3AB1006659EF /* User_Category+CoreDataProperties.swift in Sources */ = {isa = PBXBuildFile; fileRef = 461E542420AD3AB1006659EF /* User_Category+CoreDataProperties.swift */; };
		461E543320AD3AB1006659EF /* Hint+CoreDataClass.swift in Sources */ = {isa = PBXBuildFile; fileRef = 461E542520AD3AB1006659EF /* Hint+CoreDataClass.swift */; };
		461E543420AD3AB1006659EF /* Hint+CoreDataProperties.swift in Sources */ = {isa = PBXBuildFile; fileRef = 461E542620AD3AB1006659EF /* Hint+CoreDataProperties.swift */; };
		461E543520AD3AB1006659EF /* Level+CoreDataClass.swift in Sources */ = {isa = PBXBuildFile; fileRef = 461E542720AD3AB1006659EF /* Level+CoreDataClass.swift */; };
		461E543620AD3AB1006659EF /* Level+CoreDataProperties.swift in Sources */ = {isa = PBXBuildFile; fileRef = 461E542820AD3AB1006659EF /* Level+CoreDataProperties.swift */; };
		461E543720AD3AB1006659EF /* Question+CoreDataClass.swift in Sources */ = {isa = PBXBuildFile; fileRef = 461E542920AD3AB1006659EF /* Question+CoreDataClass.swift */; };
		461E543820AD3AB1006659EF /* Question+CoreDataProperties.swift in Sources */ = {isa = PBXBuildFile; fileRef = 461E542A20AD3AB1006659EF /* Question+CoreDataProperties.swift */; };
		461E543920AD3AB1006659EF /* User+CoreDataClass.swift in Sources */ = {isa = PBXBuildFile; fileRef = 461E542B20AD3AB1006659EF /* User+CoreDataClass.swift */; };
		461E543A20AD3AB1006659EF /* User+CoreDataProperties.swift in Sources */ = {isa = PBXBuildFile; fileRef = 461E542C20AD3AB1006659EF /* User+CoreDataProperties.swift */; };
		461E543B20AD3AB1006659EF /* Category+CoreDataClass.swift in Sources */ = {isa = PBXBuildFile; fileRef = 461E542D20AD3AB1006659EF /* Category+CoreDataClass.swift */; };
		461E543C20AD3AB1006659EF /* Category+CoreDataProperties.swift in Sources */ = {isa = PBXBuildFile; fileRef = 461E542E20AD3AB1006659EF /* Category+CoreDataProperties.swift */; };
		46E6413620A16C7A00E42796 /* SceneNavigator.swift in Sources */ = {isa = PBXBuildFile; fileRef = 46E6413520A16C7A00E42796 /* SceneNavigator.swift */; };
/* End PBXBuildFile section */

/* Begin PBXFileReference section */
		0D317F6A209EBBF50004E560 /* WordTomb.app */ = {isa = PBXFileReference; explicitFileType = wrapper.application; includeInIndex = 0; path = WordTomb.app; sourceTree = BUILT_PRODUCTS_DIR; };
		0D317F6D209EBBF50004E560 /* AppDelegate.swift */ = {isa = PBXFileReference; lastKnownFileType = sourcecode.swift; path = AppDelegate.swift; sourceTree = "<group>"; };
		0D317F6F209EBBF60004E560 /* GameScene.sks */ = {isa = PBXFileReference; lastKnownFileType = file.sks; path = GameScene.sks; sourceTree = "<group>"; };
		0D317F71209EBBF60004E560 /* Actions.sks */ = {isa = PBXFileReference; lastKnownFileType = file.sks; path = Actions.sks; sourceTree = "<group>"; };
		0D317F73209EBBF60004E560 /* GameScene.swift */ = {isa = PBXFileReference; lastKnownFileType = sourcecode.swift; path = GameScene.swift; sourceTree = "<group>"; };
		0D317F75209EBBF60004E560 /* GameViewController.swift */ = {isa = PBXFileReference; lastKnownFileType = sourcecode.swift; path = GameViewController.swift; sourceTree = "<group>"; };
		0D317F78209EBBF60004E560 /* Base */ = {isa = PBXFileReference; lastKnownFileType = file.storyboard; name = Base; path = Base.lproj/Main.storyboard; sourceTree = "<group>"; };
		0D317F7A209EBBF60004E560 /* Assets.xcassets */ = {isa = PBXFileReference; lastKnownFileType = folder.assetcatalog; path = Assets.xcassets; sourceTree = "<group>"; };
		0D317F7D209EBBF60004E560 /* Base */ = {isa = PBXFileReference; lastKnownFileType = file.storyboard; name = Base; path = Base.lproj/LaunchScreen.storyboard; sourceTree = "<group>"; };
		0D317F7F209EBBF60004E560 /* Info.plist */ = {isa = PBXFileReference; lastKnownFileType = text.plist.xml; path = Info.plist; sourceTree = "<group>"; };
		0D317F85209EBC580004E560 /* LoginScene.swift */ = {isa = PBXFileReference; lastKnownFileType = sourcecode.swift; name = LoginScene.swift; path = "../New Group/LoginScene.swift"; sourceTree = "<group>"; };
		0D63CC6C20A0644A00A4DE2A /* UserDefaultsHandler.swift */ = {isa = PBXFileReference; lastKnownFileType = sourcecode.swift; path = UserDefaultsHandler.swift; sourceTree = "<group>"; };
		0D6552A1209EC663008146B5 /* LoginViewController.swift */ = {isa = PBXFileReference; lastKnownFileType = sourcecode.swift; path = LoginViewController.swift; sourceTree = "<group>"; };
		0D6552A4209ECE4F008146B5 /* authScreenBackgroundImage.jpg */ = {isa = PBXFileReference; lastKnownFileType = image.jpeg; path = authScreenBackgroundImage.jpg; sourceTree = "<group>"; };
		0D6A825820A7267B002F2BBB /* Category.swift */ = {isa = PBXFileReference; lastKnownFileType = sourcecode.swift; path = Category.swift; sourceTree = "<group>"; };
		0D6A829320A7388E002F2BBB /* Category.json */ = {isa = PBXFileReference; explicitFileType = text.json; fileEncoding = 4; path = Category.json; sourceTree = "<group>"; };
		0D6D8A8C20A6F09800E55218 /* Signup.xib */ = {isa = PBXFileReference; lastKnownFileType = file.xib; path = Signup.xib; sourceTree = "<group>"; };
		0D6DD07A20A2782E00E8ACDD /* Signup.swift */ = {isa = PBXFileReference; lastKnownFileType = sourcecode.swift; path = Signup.swift; sourceTree = "<group>"; };
		0D7E766D209F3B3A003E6958 /* SignupController.swift */ = {isa = PBXFileReference; lastKnownFileType = sourcecode.swift; path = SignupController.swift; sourceTree = "<group>"; };
		0D7E766F209F3BF4003E6958 /* SignupScene.swift */ = {isa = PBXFileReference; lastKnownFileType = sourcecode.swift; path = SignupScene.swift; sourceTree = "<group>"; };
		0D7E7673209F3D89003E6958 /* DashboardScene.swift */ = {isa = PBXFileReference; lastKnownFileType = sourcecode.swift; path = DashboardScene.swift; sourceTree = "<group>"; };
		0D7E7675209F3D9C003E6958 /* DashboardViewController.swift */ = {isa = PBXFileReference; lastKnownFileType = sourcecode.swift; path = DashboardViewController.swift; sourceTree = "<group>"; };
		0D7E7678209F4A30003E6958 /* HamburgerMenu.xib */ = {isa = PBXFileReference; lastKnownFileType = file.xib; path = HamburgerMenu.xib; sourceTree = "<group>"; };
		0D7E767A209F4A59003E6958 /* HamburgerMenu.swift */ = {isa = PBXFileReference; lastKnownFileType = sourcecode.swift; path = HamburgerMenu.swift; sourceTree = "<group>"; };
		0DA0D0A320ABA3800014EC9E /* UIButtonExtension.swift */ = {isa = PBXFileReference; lastKnownFileType = sourcecode.swift; path = UIButtonExtension.swift; sourceTree = "<group>"; };
		0DA0D0A620ABAF980014EC9E /* MenuViewController.swift */ = {isa = PBXFileReference; lastKnownFileType = sourcecode.swift; path = MenuViewController.swift; sourceTree = "<group>"; };
		0DAF221620A7BE5D001A9F98 /* JSonHandler.swift */ = {isa = PBXFileReference; lastKnownFileType = sourcecode.swift; path = JSonHandler.swift; sourceTree = "<group>"; };
		0DAF221A20A802A5001A9F98 /* DashboardCustomTableViewCell.swift */ = {isa = PBXFileReference; lastKnownFileType = sourcecode.swift; path = DashboardCustomTableViewCell.swift; sourceTree = "<group>"; };
		0DAF221C20A853F1001A9F98 /* Chambers.xib */ = {isa = PBXFileReference; lastKnownFileType = file.xib; path = Chambers.xib; sourceTree = "<group>"; };
		0DAF222020A85F5E001A9F98 /* Chambers.swift */ = {isa = PBXFileReference; lastKnownFileType = sourcecode.swift; path = Chambers.swift; sourceTree = "<group>"; };
		0DAF222220A868BA001A9F98 /* GameViewScene.swift */ = {isa = PBXFileReference; lastKnownFileType = sourcecode.swift; path = GameViewScene.swift; sourceTree = "<group>"; };
		0DAF222420A868E8001A9F98 /* Game.swift */ = {isa = PBXFileReference; lastKnownFileType = sourcecode.swift; path = Game.swift; sourceTree = "<group>"; };
		0DAF222620A868FE001A9F98 /* Game.xib */ = {isa = PBXFileReference; lastKnownFileType = file.xib; path = Game.xib; sourceTree = "<group>"; };
		0DAF222820A8765E001A9F98 /* CommonHelper.swift */ = {isa = PBXFileReference; lastKnownFileType = sourcecode.swift; path = CommonHelper.swift; sourceTree = "<group>"; };
		0DD4C05020ACFE1E00657830 /* MenuItemViewController.swift */ = {isa = PBXFileReference; lastKnownFileType = sourcecode.swift; path = MenuItemViewController.swift; sourceTree = "<group>"; };
		0DF31992209FCB27000F43A0 /* WordTomb.xcdatamodel */ = {isa = PBXFileReference; lastKnownFileType = wrapper.xcdatamodel; path = WordTomb.xcdatamodel; sourceTree = "<group>"; };
		0DF319B520A0019C000F43A0 /* CoreDataHandler.swift */ = {isa = PBXFileReference; lastKnownFileType = sourcecode.swift; path = CoreDataHandler.swift; sourceTree = "<group>"; };
		461E542120AD3AB1006659EF /* Level_Category+CoreDataClass.swift */ = {isa = PBXFileReference; lastKnownFileType = sourcecode.swift; path = "Level_Category+CoreDataClass.swift"; sourceTree = "<group>"; };
		461E542220AD3AB1006659EF /* Level_Category+CoreDataProperties.swift */ = {isa = PBXFileReference; lastKnownFileType = sourcecode.swift; path = "Level_Category+CoreDataProperties.swift"; sourceTree = "<group>"; };
		461E542320AD3AB1006659EF /* User_Category+CoreDataClass.swift */ = {isa = PBXFileReference; lastKnownFileType = sourcecode.swift; path = "User_Category+CoreDataClass.swift"; sourceTree = "<group>"; };
		461E542420AD3AB1006659EF /* User_Category+CoreDataProperties.swift */ = {isa = PBXFileReference; lastKnownFileType = sourcecode.swift; path = "User_Category+CoreDataProperties.swift"; sourceTree = "<group>"; };
		461E542520AD3AB1006659EF /* Hint+CoreDataClass.swift */ = {isa = PBXFileReference; lastKnownFileType = sourcecode.swift; path = "Hint+CoreDataClass.swift"; sourceTree = "<group>"; };
		461E542620AD3AB1006659EF /* Hint+CoreDataProperties.swift */ = {isa = PBXFileReference; lastKnownFileType = sourcecode.swift; path = "Hint+CoreDataProperties.swift"; sourceTree = "<group>"; };
		461E542720AD3AB1006659EF /* Level+CoreDataClass.swift */ = {isa = PBXFileReference; lastKnownFileType = sourcecode.swift; path = "Level+CoreDataClass.swift"; sourceTree = "<group>"; };
		461E542820AD3AB1006659EF /* Level+CoreDataProperties.swift */ = {isa = PBXFileReference; lastKnownFileType = sourcecode.swift; path = "Level+CoreDataProperties.swift"; sourceTree = "<group>"; };
		461E542920AD3AB1006659EF /* Question+CoreDataClass.swift */ = {isa = PBXFileReference; lastKnownFileType = sourcecode.swift; path = "Question+CoreDataClass.swift"; sourceTree = "<group>"; };
		461E542A20AD3AB1006659EF /* Question+CoreDataProperties.swift */ = {isa = PBXFileReference; lastKnownFileType = sourcecode.swift; path = "Question+CoreDataProperties.swift"; sourceTree = "<group>"; };
		461E542B20AD3AB1006659EF /* User+CoreDataClass.swift */ = {isa = PBXFileReference; lastKnownFileType = sourcecode.swift; path = "User+CoreDataClass.swift"; sourceTree = "<group>"; };
		461E542C20AD3AB1006659EF /* User+CoreDataProperties.swift */ = {isa = PBXFileReference; lastKnownFileType = sourcecode.swift; path = "User+CoreDataProperties.swift"; sourceTree = "<group>"; };
		461E542D20AD3AB1006659EF /* Category+CoreDataClass.swift */ = {isa = PBXFileReference; lastKnownFileType = sourcecode.swift; path = "Category+CoreDataClass.swift"; sourceTree = "<group>"; };
		461E542E20AD3AB1006659EF /* Category+CoreDataProperties.swift */ = {isa = PBXFileReference; lastKnownFileType = sourcecode.swift; path = "Category+CoreDataProperties.swift"; sourceTree = "<group>"; };
		46E6413520A16C7A00E42796 /* SceneNavigator.swift */ = {isa = PBXFileReference; lastKnownFileType = sourcecode.swift; path = SceneNavigator.swift; sourceTree = "<group>"; };
/* End PBXFileReference section */

/* Begin PBXFrameworksBuildPhase section */
		0D317F67209EBBF50004E560 /* Frameworks */ = {
			isa = PBXFrameworksBuildPhase;
			buildActionMask = 2147483647;
			files = (
			);
			runOnlyForDeploymentPostprocessing = 0;
		};
/* End PBXFrameworksBuildPhase section */

/* Begin PBXGroup section */
		0D317F61209EBBF30004E560 = {
			isa = PBXGroup;
			children = (
				0D317F6C209EBBF50004E560 /* WordTomb */,
				0D317F6B209EBBF50004E560 /* Products */,
			);
			sourceTree = "<group>";
		};
		0D317F6B209EBBF50004E560 /* Products */ = {
			isa = PBXGroup;
			children = (
				0D317F6A209EBBF50004E560 /* WordTomb.app */,
			);
			name = Products;
			sourceTree = "<group>";
		};
		0D317F6C209EBBF50004E560 /* WordTomb */ = {
			isa = PBXGroup;
			children = (
				461E542020AD3A69006659EF /* Model */,
				0D63CC6B20A0641800A4DE2A /* Helpers */,
				0DF31991209FCB27000F43A0 /* WordTomb.xcdatamodeld */,
				0D7E7677209F4A13003E6958 /* Views */,
				0D6552A3209ECE22008146B5 /* Images */,
				0D6552A0209EC639008146B5 /* ViewControllers */,
				0D317F87209EBD280004E560 /* Screens */,
				0D317F6D209EBBF50004E560 /* AppDelegate.swift */,
				0D317F6F209EBBF60004E560 /* GameScene.sks */,
				0D317F71209EBBF60004E560 /* Actions.sks */,
				0D317F73209EBBF60004E560 /* GameScene.swift */,
				0D317F75209EBBF60004E560 /* GameViewController.swift */,
				0D317F77209EBBF60004E560 /* Main.storyboard */,
				0D317F7A209EBBF60004E560 /* Assets.xcassets */,
				0D317F7C209EBBF60004E560 /* LaunchScreen.storyboard */,
				0D317F7F209EBBF60004E560 /* Info.plist */,
			);
			path = WordTomb;
			sourceTree = "<group>";
		};
		0D317F87209EBD280004E560 /* Screens */ = {
			isa = PBXGroup;
			children = (
				0D317F85209EBC580004E560 /* LoginScene.swift */,
				0D7E766F209F3BF4003E6958 /* SignupScene.swift */,
				0D7E7673209F3D89003E6958 /* DashboardScene.swift */,
				0DAF222220A868BA001A9F98 /* GameViewScene.swift */,
			);
			path = Screens;
			sourceTree = "<group>";
		};
		0D63CC6B20A0641800A4DE2A /* Helpers */ = {
			isa = PBXGroup;
			children = (
				0DA0D0A520ABA3880014EC9E /* Extensions_Protocols */,
				0D6A825720A7264D002F2BBB /* Data */,
				46E6413520A16C7A00E42796 /* SceneNavigator.swift */,
				0DF319B520A0019C000F43A0 /* CoreDataHandler.swift */,
				0D63CC6C20A0644A00A4DE2A /* UserDefaultsHandler.swift */,
				0DAF221620A7BE5D001A9F98 /* JSonHandler.swift */,
				0DAF222820A8765E001A9F98 /* CommonHelper.swift */,
			);
			path = Helpers;
			sourceTree = "<group>";
		};
		0D6552A0209EC639008146B5 /* ViewControllers */ = {
			isa = PBXGroup;
			children = (
				0D6552A1209EC663008146B5 /* LoginViewController.swift */,
				0D7E766D209F3B3A003E6958 /* SignupController.swift */,
				0D7E7675209F3D9C003E6958 /* DashboardViewController.swift */,
				0DA0D0A620ABAF980014EC9E /* MenuViewController.swift */,
				0DD4C05020ACFE1E00657830 /* MenuItemViewController.swift */,
			);
			path = ViewControllers;
			sourceTree = "<group>";
		};
		0D6552A3209ECE22008146B5 /* Images */ = {
			isa = PBXGroup;
			children = (
				0D6552A4209ECE4F008146B5 /* authScreenBackgroundImage.jpg */,
			);
			path = Images;
			sourceTree = "<group>";
		};
		0D6A825720A7264D002F2BBB /* Data */ = {
			isa = PBXGroup;
			children = (
				0D6A825820A7267B002F2BBB /* Category.swift */,
				0D6A829320A7388E002F2BBB /* Category.json */,
			);
			path = Data;
			sourceTree = "<group>";
		};
		0D7E7677209F4A13003E6958 /* Views */ = {
			isa = PBXGroup;
			children = (
				0DAF221A20A802A5001A9F98 /* DashboardCustomTableViewCell.swift */,
				0D7E7678209F4A30003E6958 /* HamburgerMenu.xib */,
				0D7E767A209F4A59003E6958 /* HamburgerMenu.swift */,
				0D6DD07A20A2782E00E8ACDD /* Signup.swift */,
				0D6D8A8C20A6F09800E55218 /* Signup.xib */,
				0DAF221C20A853F1001A9F98 /* Chambers.xib */,
				0DAF222020A85F5E001A9F98 /* Chambers.swift */,
				0DAF222420A868E8001A9F98 /* Game.swift */,
				0DAF222620A868FE001A9F98 /* Game.xib */,
			);
			path = Views;
			sourceTree = "<group>";
		};
		0DA0D0A520ABA3880014EC9E /* Extensions_Protocols */ = {
			isa = PBXGroup;
			children = (
				0DA0D0A320ABA3800014EC9E /* UIButtonExtension.swift */,
			);
			path = Extensions_Protocols;
			sourceTree = "<group>";
		};
		461E542020AD3A69006659EF /* Model */ = {
			isa = PBXGroup;
			children = (
				461E542120AD3AB1006659EF /* Level_Category+CoreDataClass.swift */,
				461E542220AD3AB1006659EF /* Level_Category+CoreDataProperties.swift */,
				461E542320AD3AB1006659EF /* User_Category+CoreDataClass.swift */,
				461E542420AD3AB1006659EF /* User_Category+CoreDataProperties.swift */,
				461E542520AD3AB1006659EF /* Hint+CoreDataClass.swift */,
				461E542620AD3AB1006659EF /* Hint+CoreDataProperties.swift */,
				461E542720AD3AB1006659EF /* Level+CoreDataClass.swift */,
				461E542820AD3AB1006659EF /* Level+CoreDataProperties.swift */,
				461E542920AD3AB1006659EF /* Question+CoreDataClass.swift */,
				461E542A20AD3AB1006659EF /* Question+CoreDataProperties.swift */,
				461E542B20AD3AB1006659EF /* User+CoreDataClass.swift */,
				461E542C20AD3AB1006659EF /* User+CoreDataProperties.swift */,
				461E542D20AD3AB1006659EF /* Category+CoreDataClass.swift */,
				461E542E20AD3AB1006659EF /* Category+CoreDataProperties.swift */,
			);
			name = Model;
			path = "New Group2";
			sourceTree = "<group>";
		};
/* End PBXGroup section */

/* Begin PBXNativeTarget section */
		0D317F69209EBBF50004E560 /* WordTomb */ = {
			isa = PBXNativeTarget;
			buildConfigurationList = 0D317F82209EBBF60004E560 /* Build configuration list for PBXNativeTarget "WordTomb" */;
			buildPhases = (
				0D317F66209EBBF50004E560 /* Sources */,
				0D317F67209EBBF50004E560 /* Frameworks */,
				0D317F68209EBBF50004E560 /* Resources */,
			);
			buildRules = (
			);
			dependencies = (
			);
			name = WordTomb;
			productName = WordTomb;
			productReference = 0D317F6A209EBBF50004E560 /* WordTomb.app */;
			productType = "com.apple.product-type.application";
		};
/* End PBXNativeTarget section */

/* Begin PBXProject section */
		0D317F62209EBBF40004E560 /* Project object */ = {
			isa = PBXProject;
			attributes = {
				LastSwiftUpdateCheck = 0920;
				LastUpgradeCheck = 0920;
				ORGANIZATIONNAME = Udeshi;
				TargetAttributes = {
					0D317F69209EBBF50004E560 = {
						CreatedOnToolsVersion = 9.2;
						ProvisioningStyle = Automatic;
					};
				};
			};
			buildConfigurationList = 0D317F65209EBBF40004E560 /* Build configuration list for PBXProject "WordTomb" */;
			compatibilityVersion = "Xcode 8.0";
			developmentRegion = en;
			hasScannedForEncodings = 0;
			knownRegions = (
				en,
				Base,
			);
			mainGroup = 0D317F61209EBBF30004E560;
			productRefGroup = 0D317F6B209EBBF50004E560 /* Products */;
			projectDirPath = "";
			projectRoot = "";
			targets = (
				0D317F69209EBBF50004E560 /* WordTomb */,
			);
		};
/* End PBXProject section */

/* Begin PBXResourcesBuildPhase section */
		0D317F68209EBBF50004E560 /* Resources */ = {
			isa = PBXResourcesBuildPhase;
			buildActionMask = 2147483647;
			files = (
				0D317F79209EBBF60004E560 /* Main.storyboard in Resources */,
				0D317F70209EBBF60004E560 /* GameScene.sks in Resources */,
				0D6D8A8D20A6F09800E55218 /* Signup.xib in Resources */,
				0D317F7B209EBBF60004E560 /* Assets.xcassets in Resources */,
				0D317F7E209EBBF60004E560 /* LaunchScreen.storyboard in Resources */,
				0D317F72209EBBF60004E560 /* Actions.sks in Resources */,
				0DAF222720A868FE001A9F98 /* Game.xib in Resources */,
				0DAF221D20A853F1001A9F98 /* Chambers.xib in Resources */,
				0D7E7679209F4A30003E6958 /* HamburgerMenu.xib in Resources */,
				0D6A829420A7388E002F2BBB /* Category.json in Resources */,
				0D6552A5209ECE4F008146B5 /* authScreenBackgroundImage.jpg in Resources */,
			);
			runOnlyForDeploymentPostprocessing = 0;
		};
/* End PBXResourcesBuildPhase section */

/* Begin PBXSourcesBuildPhase section */
		0D317F66209EBBF50004E560 /* Sources */ = {
			isa = PBXSourcesBuildPhase;
			buildActionMask = 2147483647;
			files = (
				0DD4C05120ACFE1E00657830 /* MenuItemViewController.swift in Sources */,
				461E543C20AD3AB1006659EF /* Category+CoreDataProperties.swift in Sources */,
				46E6413620A16C7A00E42796 /* SceneNavigator.swift in Sources */,
				0D7E7674209F3D89003E6958 /* DashboardScene.swift in Sources */,
				461E543820AD3AB1006659EF /* Question+CoreDataProperties.swift in Sources */,
				0DF319B620A0019C000F43A0 /* CoreDataHandler.swift in Sources */,
				461E543B20AD3AB1006659EF /* Category+CoreDataClass.swift in Sources */,
				0DF31993209FCB27000F43A0 /* WordTomb.xcdatamodeld in Sources */,
				0D7E7676209F3D9C003E6958 /* DashboardViewController.swift in Sources */,
				461E543320AD3AB1006659EF /* Hint+CoreDataClass.swift in Sources */,
				461E543620AD3AB1006659EF /* Level+CoreDataProperties.swift in Sources */,
				461E543020AD3AB1006659EF /* Level_Category+CoreDataProperties.swift in Sources */,
				461E543420AD3AB1006659EF /* Hint+CoreDataProperties.swift in Sources */,
				0D7E767B209F4A59003E6958 /* HamburgerMenu.swift in Sources */,
				0D6552A2209EC663008146B5 /* LoginViewController.swift in Sources */,
				0DA0D0A720ABAF980014EC9E /* MenuViewController.swift in Sources */,
				461E543920AD3AB1006659EF /* User+CoreDataClass.swift in Sources */,
				0DA0D0A420ABA3800014EC9E /* UIButtonExtension.swift in Sources */,
				461E542F20AD3AB1006659EF /* Level_Category+CoreDataClass.swift in Sources */,
				0D6A825920A7267B002F2BBB /* Category.swift in Sources */,
				0D317F74209EBBF60004E560 /* GameScene.swift in Sources */,
				461E543520AD3AB1006659EF /* Level+CoreDataClass.swift in Sources */,
				0DAF222120A85F5E001A9F98 /* Chambers.swift in Sources */,
				461E543A20AD3AB1006659EF /* User+CoreDataProperties.swift in Sources */,
				0DAF221B20A802A5001A9F98 /* DashboardCustomTableViewCell.swift in Sources */,
				0D7E7670209F3BF4003E6958 /* SignupScene.swift in Sources */,
				0DAF222920A8765E001A9F98 /* CommonHelper.swift in Sources */,
				0DAF221720A7BE5D001A9F98 /* JSonHandler.swift in Sources */,
				0D317F86209EBC580004E560 /* LoginScene.swift in Sources */,
				0D7E766E209F3B3A003E6958 /* SignupController.swift in Sources */,
				461E543720AD3AB1006659EF /* Question+CoreDataClass.swift in Sources */,
				0D6DD07B20A2782E00E8ACDD /* Signup.swift in Sources */,
				0DAF222520A868E8001A9F98 /* Game.swift in Sources */,
				0D317F76209EBBF60004E560 /* GameViewController.swift in Sources */,
				461E543220AD3AB1006659EF /* User_Category+CoreDataProperties.swift in Sources */,
				461E543120AD3AB1006659EF /* User_Category+CoreDataClass.swift in Sources */,
				0D317F6E209EBBF60004E560 /* AppDelegate.swift in Sources */,
				0DAF222320A868BA001A9F98 /* GameViewScene.swift in Sources */,
				0D63CC6D20A0644A00A4DE2A /* UserDefaultsHandler.swift in Sources */,
			);
			runOnlyForDeploymentPostprocessing = 0;
		};
/* End PBXSourcesBuildPhase section */

/* Begin PBXVariantGroup section */
		0D317F77209EBBF60004E560 /* Main.storyboard */ = {
			isa = PBXVariantGroup;
			children = (
				0D317F78209EBBF60004E560 /* Base */,
			);
			name = Main.storyboard;
			sourceTree = "<group>";
		};
		0D317F7C209EBBF60004E560 /* LaunchScreen.storyboard */ = {
			isa = PBXVariantGroup;
			children = (
				0D317F7D209EBBF60004E560 /* Base */,
			);
			name = LaunchScreen.storyboard;
			sourceTree = "<group>";
		};
/* End PBXVariantGroup section */

/* Begin XCBuildConfiguration section */
		0D317F80209EBBF60004E560 /* Debug */ = {
			isa = XCBuildConfiguration;
			buildSettings = {
				ALWAYS_SEARCH_USER_PATHS = NO;
				CLANG_ANALYZER_NONNULL = YES;
				CLANG_ANALYZER_NUMBER_OBJECT_CONVERSION = YES_AGGRESSIVE;
				CLANG_CXX_LANGUAGE_STANDARD = "gnu++14";
				CLANG_CXX_LIBRARY = "libc++";
				CLANG_ENABLE_MODULES = YES;
				CLANG_ENABLE_OBJC_ARC = YES;
				CLANG_WARN_BLOCK_CAPTURE_AUTORELEASING = YES;
				CLANG_WARN_BOOL_CONVERSION = YES;
				CLANG_WARN_COMMA = YES;
				CLANG_WARN_CONSTANT_CONVERSION = YES;
				CLANG_WARN_DIRECT_OBJC_ISA_USAGE = YES_ERROR;
				CLANG_WARN_DOCUMENTATION_COMMENTS = YES;
				CLANG_WARN_EMPTY_BODY = YES;
				CLANG_WARN_ENUM_CONVERSION = YES;
				CLANG_WARN_INFINITE_RECURSION = YES;
				CLANG_WARN_INT_CONVERSION = YES;
				CLANG_WARN_NON_LITERAL_NULL_CONVERSION = YES;
				CLANG_WARN_OBJC_LITERAL_CONVERSION = YES;
				CLANG_WARN_OBJC_ROOT_CLASS = YES_ERROR;
				CLANG_WARN_RANGE_LOOP_ANALYSIS = YES;
				CLANG_WARN_STRICT_PROTOTYPES = YES;
				CLANG_WARN_SUSPICIOUS_MOVE = YES;
				CLANG_WARN_UNGUARDED_AVAILABILITY = YES_AGGRESSIVE;
				CLANG_WARN_UNREACHABLE_CODE = YES;
				CLANG_WARN__DUPLICATE_METHOD_MATCH = YES;
				CODE_SIGN_IDENTITY = "iPhone Developer";
				COPY_PHASE_STRIP = NO;
				DEBUG_INFORMATION_FORMAT = dwarf;
				ENABLE_STRICT_OBJC_MSGSEND = YES;
				ENABLE_TESTABILITY = YES;
				GCC_C_LANGUAGE_STANDARD = gnu11;
				GCC_DYNAMIC_NO_PIC = NO;
				GCC_NO_COMMON_BLOCKS = YES;
				GCC_OPTIMIZATION_LEVEL = 0;
				GCC_PREPROCESSOR_DEFINITIONS = (
					"DEBUG=1",
					"$(inherited)",
				);
				GCC_WARN_64_TO_32_BIT_CONVERSION = YES;
				GCC_WARN_ABOUT_RETURN_TYPE = YES_ERROR;
				GCC_WARN_UNDECLARED_SELECTOR = YES;
				GCC_WARN_UNINITIALIZED_AUTOS = YES_AGGRESSIVE;
				GCC_WARN_UNUSED_FUNCTION = YES;
				GCC_WARN_UNUSED_VARIABLE = YES;
				IPHONEOS_DEPLOYMENT_TARGET = 11.2;
				MTL_ENABLE_DEBUG_INFO = YES;
				ONLY_ACTIVE_ARCH = YES;
				SDKROOT = iphoneos;
				SWIFT_ACTIVE_COMPILATION_CONDITIONS = DEBUG;
				SWIFT_OPTIMIZATION_LEVEL = "-Onone";
			};
			name = Debug;
		};
		0D317F81209EBBF60004E560 /* Release */ = {
			isa = XCBuildConfiguration;
			buildSettings = {
				ALWAYS_SEARCH_USER_PATHS = NO;
				CLANG_ANALYZER_NONNULL = YES;
				CLANG_ANALYZER_NUMBER_OBJECT_CONVERSION = YES_AGGRESSIVE;
				CLANG_CXX_LANGUAGE_STANDARD = "gnu++14";
				CLANG_CXX_LIBRARY = "libc++";
				CLANG_ENABLE_MODULES = YES;
				CLANG_ENABLE_OBJC_ARC = YES;
				CLANG_WARN_BLOCK_CAPTURE_AUTORELEASING = YES;
				CLANG_WARN_BOOL_CONVERSION = YES;
				CLANG_WARN_COMMA = YES;
				CLANG_WARN_CONSTANT_CONVERSION = YES;
				CLANG_WARN_DIRECT_OBJC_ISA_USAGE = YES_ERROR;
				CLANG_WARN_DOCUMENTATION_COMMENTS = YES;
				CLANG_WARN_EMPTY_BODY = YES;
				CLANG_WARN_ENUM_CONVERSION = YES;
				CLANG_WARN_INFINITE_RECURSION = YES;
				CLANG_WARN_INT_CONVERSION = YES;
				CLANG_WARN_NON_LITERAL_NULL_CONVERSION = YES;
				CLANG_WARN_OBJC_LITERAL_CONVERSION = YES;
				CLANG_WARN_OBJC_ROOT_CLASS = YES_ERROR;
				CLANG_WARN_RANGE_LOOP_ANALYSIS = YES;
				CLANG_WARN_STRICT_PROTOTYPES = YES;
				CLANG_WARN_SUSPICIOUS_MOVE = YES;
				CLANG_WARN_UNGUARDED_AVAILABILITY = YES_AGGRESSIVE;
				CLANG_WARN_UNREACHABLE_CODE = YES;
				CLANG_WARN__DUPLICATE_METHOD_MATCH = YES;
				CODE_SIGN_IDENTITY = "iPhone Developer";
				COPY_PHASE_STRIP = NO;
				DEBUG_INFORMATION_FORMAT = "dwarf-with-dsym";
				ENABLE_NS_ASSERTIONS = NO;
				ENABLE_STRICT_OBJC_MSGSEND = YES;
				GCC_C_LANGUAGE_STANDARD = gnu11;
				GCC_NO_COMMON_BLOCKS = YES;
				GCC_WARN_64_TO_32_BIT_CONVERSION = YES;
				GCC_WARN_ABOUT_RETURN_TYPE = YES_ERROR;
				GCC_WARN_UNDECLARED_SELECTOR = YES;
				GCC_WARN_UNINITIALIZED_AUTOS = YES_AGGRESSIVE;
				GCC_WARN_UNUSED_FUNCTION = YES;
				GCC_WARN_UNUSED_VARIABLE = YES;
				IPHONEOS_DEPLOYMENT_TARGET = 11.2;
				MTL_ENABLE_DEBUG_INFO = NO;
				SDKROOT = iphoneos;
				SWIFT_OPTIMIZATION_LEVEL = "-Owholemodule";
				VALIDATE_PRODUCT = YES;
			};
			name = Release;
		};
		0D317F83209EBBF60004E560 /* Debug */ = {
			isa = XCBuildConfiguration;
			buildSettings = {
				ASSETCATALOG_COMPILER_APPICON_NAME = AppIcon;
				CODE_SIGN_STYLE = Automatic;
				DEVELOPMENT_TEAM = 8NVNF4TJ58;
				INFOPLIST_FILE = WordTomb/Info.plist;
				LD_RUNPATH_SEARCH_PATHS = "$(inherited) @executable_path/Frameworks";
				PRODUCT_BUNDLE_IDENTIFIER = udeshi.ios.WordTomb;
				PRODUCT_NAME = "$(TARGET_NAME)";
				SWIFT_VERSION = 4.0;
				TARGETED_DEVICE_FAMILY = 2;
			};
			name = Debug;
		};
		0D317F84209EBBF60004E560 /* Release */ = {
			isa = XCBuildConfiguration;
			buildSettings = {
				ASSETCATALOG_COMPILER_APPICON_NAME = AppIcon;
				CODE_SIGN_STYLE = Automatic;
				DEVELOPMENT_TEAM = 8NVNF4TJ58;
				INFOPLIST_FILE = WordTomb/Info.plist;
				LD_RUNPATH_SEARCH_PATHS = "$(inherited) @executable_path/Frameworks";
				PRODUCT_BUNDLE_IDENTIFIER = udeshi.ios.WordTomb;
				PRODUCT_NAME = "$(TARGET_NAME)";
				SWIFT_VERSION = 4.0;
				TARGETED_DEVICE_FAMILY = 2;
			};
			name = Release;
		};
/* End XCBuildConfiguration section */

/* Begin XCConfigurationList section */
		0D317F65209EBBF40004E560 /* Build configuration list for PBXProject "WordTomb" */ = {
			isa = XCConfigurationList;
			buildConfigurations = (
				0D317F80209EBBF60004E560 /* Debug */,
				0D317F81209EBBF60004E560 /* Release */,
			);
			defaultConfigurationIsVisible = 0;
			defaultConfigurationName = Release;
		};
		0D317F82209EBBF60004E560 /* Build configuration list for PBXNativeTarget "WordTomb" */ = {
			isa = XCConfigurationList;
			buildConfigurations = (
				0D317F83209EBBF60004E560 /* Debug */,
				0D317F84209EBBF60004E560 /* Release */,
			);
			defaultConfigurationIsVisible = 0;
			defaultConfigurationName = Release;
		};
/* End XCConfigurationList section */

/* Begin XCVersionGroup section */
		0DF31991209FCB27000F43A0 /* WordTomb.xcdatamodeld */ = {
			isa = XCVersionGroup;
			children = (
				0DF31992209FCB27000F43A0 /* WordTomb.xcdatamodel */,
			);
			currentVersion = 0DF31992209FCB27000F43A0 /* WordTomb.xcdatamodel */;
			path = WordTomb.xcdatamodeld;
			sourceTree = "<group>";
			versionGroupType = wrapper.xcdatamodel;
		};
/* End XCVersionGroup section */
	};
	rootObject = 0D317F62209EBBF40004E560 /* Project object */;
}
